{
  "name": "CABOTSQL",
  "version": "1.0.0",
  "lockfileVersion": 1,
  "requires": true,
  "dependencies": {
    "sql.js": {
      "version": "1.0.1",
      "resolved": "https://registry.npmjs.org/sql.js/-/sql.js-1.0.1.tgz",
      "integrity": "sha512-vOVmnhXHUBd5hUhMYb4GBglPzz43Apwq6019hwFBCUhEkqVn9day2wYn9d0TYsJQA08+8Zl079A/IIcbUG/GtQ=="
    }
  }
}
